
Microsoft Visual Studio Solution File, Format Version 12.00
# Visual Studio Version 17
VisualStudioVersion = 17.2.32630.192
MinimumVisualStudioVersion = 10.0.40219.1
Project("{FAE04EC0-301F-11D3-BF4B-00C04F79EFBC}") = "SerialPortTest", "SerialPortTest\SerialPortTest.csproj", "{C3F23BA4-F4B3-4210-B5C3-34156178D69E}"
EndProject
Project("{FAE04EC0-301F-11D3-BF4B-00C04F79EFBC}") = "SimConnectTest", "SimConnectTest\SimConnectTest.csproj", "{009188B7-C22C-42A0-AD34-708E9C49502C}"
EndProject
Project("{FAE04EC0-301F-11D3-BF4B-00C04F79EFBC}") = "Managed Data Request", "Managed Data Request\Managed Data Request.csproj", "{0BE55256-5C24-465C-958B-9F876CCA3194}"
EndProject
Project("{2150E333-8FDC-42A3-9474-1A3956D46DE8}") = "Solution Items", "Solution Items", "{1609B8BA-4308-4D0C-A7BA-6B5F9B3ED839}"
	ProjectSection(SolutionItems) = preProject
		README.md = README.md
	EndProjectSection
EndProject
Global
	GlobalSection(SolutionConfigurationPlatforms) = preSolution
		Debug|Any CPU = Debug|Any CPU
		Release|Any CPU = Release|Any CPU
	EndGlobalSection
	GlobalSection(ProjectConfigurationPlatforms) = postSolution
		{C3F23BA4-F4B3-4210-B5C3-34156178D69E}.Debug|Any CPU.ActiveCfg = Debug|Any CPU
		{C3F23BA4-F4B3-4210-B5C3-34156178D69E}.Debug|Any CPU.Build.0 = Debug|Any CPU
		{C3F23BA4-F4B3-4210-B5C3-34156178D69E}.Release|Any CPU.ActiveCfg = Release|Any CPU
		{C3F23BA4-F4B3-4210-B5C3-34156178D69E}.Release|Any CPU.Build.0 = Release|Any CPU
		{009188B7-C22C-42A0-AD34-708E9C49502C}.Debug|Any CPU.ActiveCfg = Debug|Any CPU
		{009188B7-C22C-42A0-AD34-708E9C49502C}.Debug|Any CPU.Build.0 = Debug|Any CPU
		{009188B7-C22C-42A0-AD34-708E9C49502C}.Release|Any CPU.ActiveCfg = Release|Any CPU
		{009188B7-C22C-42A0-AD34-708E9C49502C}.Release|Any CPU.Build.0 = Release|Any CPU
		{0BE55256-5C24-465C-958B-9F876CCA3194}.Debug|Any CPU.ActiveCfg = Debug|Any CPU
		{0BE55256-5C24-465C-958B-9F876CCA3194}.Debug|Any CPU.Build.0 = Debug|Any CPU
		{0BE55256-5C24-465C-958B-9F876CCA3194}.Release|Any CPU.ActiveCfg = Release|Any CPU
		{0BE55256-5C24-465C-958B-9F876CCA3194}.Release|Any CPU.Build.0 = Release|Any CPU
	EndGlobalSection
	GlobalSection(SolutionProperties) = preSolution
		HideSolutionNode = FALSE
	EndGlobalSection
	GlobalSection(ExtensibilityGlobals) = postSolution
		SolutionGuid = {48D85460-20C0-4CA4-A44C-EC3D629D0F9B}
	EndGlobalSection
EndGlobal
